// !$*UTF8*$!
{
	archiveVersion = 1;
	classes = {
	};
	objectVersion = 50;
	objects = {

/* Begin PBXBuildFile section */
		E084332927C169B600998BC0 /* AppDelegate.swift in Sources */ = {isa = PBXBuildFile; fileRef = E084332827C169B600998BC0 /* AppDelegate.swift */; };
		E084332B27C169B600998BC0 /* SceneDelegate.swift in Sources */ = {isa = PBXBuildFile; fileRef = E084332A27C169B600998BC0 /* SceneDelegate.swift */; };
		E084332D27C169B600998BC0 /* ViewController.swift in Sources */ = {isa = PBXBuildFile; fileRef = E084332C27C169B600998BC0 /* ViewController.swift */; };
		E084333027C169B600998BC0 /* Main.storyboard in Resources */ = {isa = PBXBuildFile; fileRef = E084332E27C169B600998BC0 /* Main.storyboard */; };
		E084333227C169B900998BC0 /* Assets.xcassets in Resources */ = {isa = PBXBuildFile; fileRef = E084333127C169B900998BC0 /* Assets.xcassets */; };
		E084333527C169B900998BC0 /* LaunchScreen.storyboard in Resources */ = {isa = PBXBuildFile; fileRef = E084333327C169B900998BC0 /* LaunchScreen.storyboard */; };
		E084333E27C16CB200998BC0 /* HomePageViewController.swift in Sources */ = {isa = PBXBuildFile; fileRef = E084333D27C16CB200998BC0 /* HomePageViewController.swift */; };
		E084334227C16CFA00998BC0 /* NewPostViewController.swift in Sources */ = {isa = PBXBuildFile; fileRef = E084334127C16CFA00998BC0 /* NewPostViewController.swift */; };
		E084334527C16D1C00998BC0 /* SettingsViewController.swift in Sources */ = {isa = PBXBuildFile; fileRef = E084334427C16D1C00998BC0 /* SettingsViewController.swift */; };
		E084334A27C16DDA00998BC0 /* GoogleService-Info.plist in Resources */ = {isa = PBXBuildFile; fileRef = E084334927C16DD900998BC0 /* GoogleService-Info.plist */; };
/* End PBXBuildFile section */

/* Begin PBXFileReference section */
		E084332527C169B600998BC0 /* FakeInstagram.app */ = {isa = PBXFileReference; explicitFileType = wrapper.application; includeInIndex = 0; path = FakeInstagram.app; sourceTree = BUILT_PRODUCTS_DIR; };
		E084332827C169B600998BC0 /* AppDelegate.swift */ = {isa = PBXFileReference; lastKnownFileType = sourcecode.swift; path = AppDelegate.swift; sourceTree = "<group>"; };
		E084332A27C169B600998BC0 /* SceneDelegate.swift */ = {isa = PBXFileReference; lastKnownFileType = sourcecode.swift; path = SceneDelegate.swift; sourceTree = "<group>"; };
		E084332C27C169B600998BC0 /* ViewController.swift */ = {isa = PBXFileReference; lastKnownFileType = sourcecode.swift; path = ViewController.swift; sourceTree = "<group>"; };
		E084332F27C169B600998BC0 /* Base */ = {isa = PBXFileReference; lastKnownFileType = file.storyboard; name = Base; path = Base.lproj/Main.storyboard; sourceTree = "<group>"; };
		E084333127C169B900998BC0 /* Assets.xcassets */ = {isa = PBXFileReference; lastKnownFileType = folder.assetcatalog; path = Assets.xcassets; sourceTree = "<group>"; };
		E084333427C169B900998BC0 /* Base */ = {isa = PBXFileReference; lastKnownFileType = file.storyboard; name = Base; path = Base.lproj/LaunchScreen.storyboard; sourceTree = "<group>"; };
		E084333627C169B900998BC0 /* Info.plist */ = {isa = PBXFileReference; lastKnownFileType = text.plist.xml; path = Info.plist; sourceTree = "<group>"; };
		E084333D27C16CB200998BC0 /* HomePageViewController.swift */ = {isa = PBXFileReference; lastKnownFileType = sourcecode.swift; path = HomePageViewController.swift; sourceTree = "<group>"; };
		E084334127C16CFA00998BC0 /* NewPostViewController.swift */ = {isa = PBXFileReference; lastKnownFileType = sourcecode.swift; path = NewPostViewController.swift; sourceTree = "<group>"; };
		E084334427C16D1C00998BC0 /* SettingsViewController.swift */ = {isa = PBXFileReference; lastKnownFileType = sourcecode.swift; path = SettingsViewController.swift; sourceTree = "<group>"; };
		E084334927C16DD900998BC0 /* GoogleService-Info.plist */ = {isa = PBXFileReference; fileEncoding = 4; lastKnownFileType = text.plist.xml; path = "GoogleService-Info.plist"; sourceTree = "<group>"; };
/* End PBXFileReference section */

/* Begin PBXFrameworksBuildPhase section */
		E084332227C169B600998BC0 /* Frameworks */ = {
			isa = PBXFrameworksBuildPhase;
			buildActionMask = 2147483647;
			files = (
			);
			runOnlyForDeploymentPostprocessing = 0;
		};
/* End PBXFrameworksBuildPhase section */

/* Begin PBXGroup section */
		E084331C27C169B600998BC0 = {
			isa = PBXGroup;
			children = (
				E084332727C169B600998BC0 /* FakeInstagram */,
				E084332627C169B600998BC0 /* Products */,
			);
			sourceTree = "<group>";
		};
		E084332627C169B600998BC0 /* Products */ = {
			isa = PBXGroup;
			children = (
				E084332527C169B600998BC0 /* FakeInstagram.app */,
			);
			name = Products;
			sourceTree = "<group>";
		};
		E084332727C169B600998BC0 /* FakeInstagram */ = {
			isa = PBXGroup;
			children = (
				E084332827C169B600998BC0 /* AppDelegate.swift */,
				E084332A27C169B600998BC0 /* SceneDelegate.swift */,
				E084332C27C169B600998BC0 /* ViewController.swift */,
				E084333D27C16CB200998BC0 /* HomePageViewController.swift */,
				E084334127C16CFA00998BC0 /* NewPostViewController.swift */,
				E084334427C16D1C00998BC0 /* SettingsViewController.swift */,
				E084332E27C169B600998BC0 /* Main.storyboard */,
				E084333127C169B900998BC0 /* Assets.xcassets */,
				E084333327C169B900998BC0 /* LaunchScreen.storyboard */,
				E084333627C169B900998BC0 /* Info.plist */,
				E084334927C16DD900998BC0 /* GoogleService-Info.plist */,
			);
			path = FakeInstagram;
			sourceTree = "<group>";
		};
/* End PBXGroup section */

/* Begin PBXNativeTarget section */
		E084332427C169B600998BC0 /* FakeInstagram */ = {
			isa = PBXNativeTarget;
			buildConfigurationList = E084333927C169B900998BC0 /* Build configuration list for PBXNativeTarget "FakeInstagram" */;
			buildPhases = (
				E084332127C169B600998BC0 /* Sources */,
				E084332227C169B600998BC0 /* Frameworks */,
				E084332327C169B600998BC0 /* Resources */,
			);
			buildRules = (
			);
			dependencies = (
			);
			name = FakeInstagram;
			productName = FakeInstagram;
			productReference = E084332527C169B600998BC0 /* FakeInstagram.app */;
			productType = "com.apple.product-type.application";
		};
/* End PBXNativeTarget section */

/* Begin PBXProject section */
		E084331D27C169B600998BC0 /* Project object */ = {
			isa = PBXProject;
			attributes = {
				LastSwiftUpdateCheck = 1240;
				LastUpgradeCheck = 1240;
				TargetAttributes = {
					E084332427C169B600998BC0 = {
						CreatedOnToolsVersion = 12.4;
					};
				};
			};
			buildConfigurationList = E084332027C169B600998BC0 /* Build configuration list for PBXProject "FakeInstagram" */;
			compatibilityVersion = "Xcode 9.3";
			developmentRegion = en;
			hasScannedForEncodings = 0;
			knownRegions = (
				en,
				Base,
			);
			mainGroup = E084331C27C169B600998BC0;
			productRefGroup = E084332627C169B600998BC0 /* Products */;
			projectDirPath = "";
			projectRoot = "";
			targets = (
				E084332427C169B600998BC0 /* FakeInstagram */,
			);
		};
/* End PBXProject section */

/* Begin PBXResourcesBuildPhase section */
		E084332327C169B600998BC0 /* Resources */ = {
			isa = PBXResourcesBuildPhase;
			buildActionMask = 2147483647;
			files = (
				E084333527C169B900998BC0 /* LaunchScreen.storyboard in Resources */,
				E084334A27C16DDA00998BC0 /* GoogleService-Info.plist in Resources */,
				E084333227C169B900998BC0 /* Assets.xcassets in Resources */,
				E084333027C169B600998BC0 /* Main.storyboard in Resources */,
			);
			runOnlyForDeploymentPostprocessing = 0;
		};
/* End PBXResourcesBuildPhase section */

/* Begin PBXSourcesBuildPhase section */
		E084332127C169B600998BC0 /* Sources */ = {
			isa = PBXSourcesBuildPhase;
			buildActionMask = 2147483647;
			files = (
				E084333E27C16CB200998BC0 /* HomePageViewController.swift in Sources */,
				E084332D27C169B600998BC0 /* ViewController.swift in Sources */,
				E084332927C169B600998BC0 /* AppDelegate.swift in Sources */,
				E084332B27C169B600998BC0 /* SceneDelegate.swift in Sources */,
				E084334227C16CFA00998BC0 /* NewPostViewController.swift in Sources */,
				E084334527C16D1C00998BC0 /* SettingsViewController.swift in Sources */,
			);
			runOnlyForDeploymentPostprocessing = 0;
		};
/* End PBXSourcesBuildPhase section */

/* Begin PBXVariantGroup section */
		E084332E27C169B600998BC0 /* Main.storyboard */ = {
			isa = PBXVariantGroup;
			children = (
				E084332F27C169B600998BC0 /* Base */,
			);
			name = Main.storyboard;
			sourceTree = "<group>";
		};
		E084333327C169B900998BC0 /* LaunchScreen.storyboard */ = {
			isa = PBXVariantGroup;
			children = (
				E084333427C169B900998BC0 /* Base */,
			);
			name = LaunchScreen.storyboard;
			sourceTree = "<group>";
		};
/* End PBXVariantGroup section */

/* Begin XCBuildConfiguration section */
		E084333727C169B900998BC0 /* Debug */ = {
			isa = XCBuildConfiguration;
			buildSettings = {
				ALWAYS_SEARCH_USER_PATHS = NO;
				CLANG_ANALYZER_NONNULL = YES;
				CLANG_ANALYZER_NUMBER_OBJECT_CONVERSION = YES_AGGRESSIVE;
				CLANG_CXX_LANGUAGE_STANDARD = "gnu++14";
				CLANG_CXX_LIBRARY = "libc++";
				CLANG_ENABLE_MODULES = YES;
				CLANG_ENABLE_OBJC_ARC = YES;
				CLANG_ENABLE_OBJC_WEAK = YES;
				CLANG_WARN_BLOCK_CAPTURE_AUTORELEASING = YES;
				CLANG_WARN_BOOL_CONVERSION = YES;
				CLANG_WARN_COMMA = YES;
				CLANG_WARN_CONSTANT_CONVERSION = YES;
				CLANG_WARN_DEPRECATED_OBJC_IMPLEMENTATIONS = YES;
				CLANG_WARN_DIRECT_OBJC_ISA_USAGE = YES_ERROR;
				CLANG_WARN_DOCUMENTATION_COMMENTS = YES;
				CLANG_WARN_EMPTY_BODY = YES;
				CLANG_WARN_ENUM_CONVERSION = YES;
				CLANG_WARN_INFINITE_RECURSION = YES;
				CLANG_WARN_INT_CONVERSION = YES;
				CLANG_WARN_NON_LITERAL_NULL_CONVERSION = YES;
				CLANG_WARN_OBJC_IMPLICIT_RETAIN_SELF = YES;
				CLANG_WARN_OBJC_LITERAL_CONVERSION = YES;
				CLANG_WARN_OBJC_ROOT_CLASS = YES_ERROR;
				CLANG_WARN_QUOTED_INCLUDE_IN_FRAMEWORK_HEADER = YES;
				CLANG_WARN_RANGE_LOOP_ANALYSIS = YES;
				CLANG_WARN_STRICT_PROTOTYPES = YES;
				CLANG_WARN_SUSPICIOUS_MOVE = YES;
				CLANG_WARN_UNGUARDED_AVAILABILITY = YES_AGGRESSIVE;
				CLANG_WARN_UNREACHABLE_CODE = YES;
				CLANG_WARN__DUPLICATE_METHOD_MATCH = YES;
				COPY_PHASE_STRIP = NO;
				DEBUG_INFORMATION_FORMAT = dwarf;
				ENABLE_STRICT_OBJC_MSGSEND = YES;
				ENABLE_TESTABILITY = YES;
				GCC_C_LANGUAGE_STANDARD = gnu11;
				GCC_DYNAMIC_NO_PIC = NO;
				GCC_NO_COMMON_BLOCKS = YES;
				GCC_OPTIMIZATION_LEVEL = 0;
				GCC_PREPROCESSOR_DEFINITIONS = (
					"DEBUG=1",
					"$(inherited)",
				);
				GCC_WARN_64_TO_32_BIT_CONVERSION = YES;
				GCC_WARN_ABOUT_RETURN_TYPE = YES_ERROR;
				GCC_WARN_UNDECLARED_SELECTOR = YES;
				GCC_WARN_UNINITIALIZED_AUTOS = YES_AGGRESSIVE;
				GCC_WARN_UNUSED_FUNCTION = YES;
				GCC_WARN_UNUSED_VARIABLE = YES;
				IPHONEOS_DEPLOYMENT_TARGET = 14.4;
				MTL_ENABLE_DEBUG_INFO = INCLUDE_SOURCE;
				MTL_FAST_MATH = YES;
				ONLY_ACTIVE_ARCH = YES;
				SDKROOT = iphoneos;
				SWIFT_ACTIVE_COMPILATION_CONDITIONS = DEBUG;
				SWIFT_OPTIMIZATION_LEVEL = "-Onone";
			};
			name = Debug;
		};
		E084333827C169B900998BC0 /* Release */ = {
			isa = XCBuildConfiguration;
			buildSettings = {
				ALWAYS_SEARCH_USER_PATHS = NO;
				CLANG_ANALYZER_NONNULL = YES;
				CLANG_ANALYZER_NUMBER_OBJECT_CONVERSION = YES_AGGRESSIVE;
				CLANG_CXX_LANGUAGE_STANDARD = "gnu++14";
				CLANG_CXX_LIBRARY = "libc++";
				CLANG_ENABLE_MODULES = YES;
				CLANG_ENABLE_OBJC_ARC = YES;
				CLANG_ENABLE_OBJC_WEAK = YES;
				CLANG_WARN_BLOCK_CAPTURE_AUTORELEASING = YES;
				CLANG_WARN_BOOL_CONVERSION = YES;
				CLANG_WARN_COMMA = YES;
				CLANG_WARN_CONSTANT_CONVERSION = YES;
				CLANG_WARN_DEPRECATED_OBJC_IMPLEMENTATIONS = YES;
				CLANG_WARN_DIRECT_OBJC_ISA_USAGE = YES_ERROR;
				CLANG_WARN_DOCUMENTATION_COMMENTS = YES;
				CLANG_WARN_EMPTY_BODY = YES;
				CLANG_WARN_ENUM_CONVERSION = YES;
				CLANG_WARN_INFINITE_RECURSION = YES;
				CLANG_WARN_INT_CONVERSION = YES;
				CLANG_WARN_NON_LITERAL_NULL_CONVERSION = YES;
				CLANG_WARN_OBJC_IMPLICIT_RETAIN_SELF = YES;
				CLANG_WARN_OBJC_LITERAL_CONVERSION = YES;
				CLANG_WARN_OBJC_ROOT_CLASS = YES_ERROR;
				CLANG_WARN_QUOTED_INCLUDE_IN_FRAMEWORK_HEADER = YES;
				CLANG_WARN_RANGE_LOOP_ANALYSIS = YES;
				CLANG_WARN_STRICT_PROTOTYPES = YES;
				CLANG_WARN_SUSPICIOUS_MOVE = YES;
				CLANG_WARN_UNGUARDED_AVAILABILITY = YES_AGGRESSIVE;
				CLANG_WARN_UNREACHABLE_CODE = YES;
				CLANG_WARN__DUPLICATE_METHOD_MATCH = YES;
				COPY_PHASE_STRIP = NO;
				DEBUG_INFORMATION_FORMAT = "dwarf-with-dsym";
				ENABLE_NS_ASSERTIONS = NO;
				ENABLE_STRICT_OBJC_MSGSEND = YES;
				GCC_C_LANGUAGE_STANDARD = gnu11;
				GCC_NO_COMMON_BLOCKS = YES;
				GCC_WARN_64_TO_32_BIT_CONVERSION = YES;
				GCC_WARN_ABOUT_RETURN_TYPE = YES_ERROR;
				GCC_WARN_UNDECLARED_SELECTOR = YES;
				GCC_WARN_UNINITIALIZED_AUTOS = YES_AGGRESSIVE;
				GCC_WARN_UNUSED_FUNCTION = YES;
				GCC_WARN_UNUSED_VARIABLE = YES;
				IPHONEOS_DEPLOYMENT_TARGET = 14.4;
				MTL_ENABLE_DEBUG_INFO = NO;
				MTL_FAST_MATH = YES;
				SDKROOT = iphoneos;
				SWIFT_COMPILATION_MODE = wholemodule;
				SWIFT_OPTIMIZATION_LEVEL = "-O";
				VALIDATE_PRODUCT = YES;
			};
			name = Release;
		};
		E084333A27C169B900998BC0 /* Debug */ = {
			isa = XCBuildConfiguration;
			buildSettings = {
				ASSETCATALOG_COMPILER_APPICON_NAME = AppIcon;
				ASSETCATALOG_COMPILER_GLOBAL_ACCENT_COLOR_NAME = AccentColor;
				CODE_SIGN_STYLE = Automatic;
				DEVELOPMENT_TEAM = Q6E3L3SHHJ;
				INFOPLIST_FILE = FakeInstagram/Info.plist;
				LD_RUNPATH_SEARCH_PATHS = (
					"$(inherited)",
					"@executable_path/Frameworks",
				);
				PRODUCT_BUNDLE_IDENTIFIER = com.elpsykongroo.FakeInstagram;
				PRODUCT_NAME = "$(TARGET_NAME)";
				SWIFT_VERSION = 5.0;
				TARGETED_DEVICE_FAMILY = "1,2";
			};
			name = Debug;
		};
		E084333B27C169B900998BC0 /* Release */ = {
			isa = XCBuildConfiguration;
			buildSettings = {
				ASSETCATALOG_COMPILER_APPICON_NAME = AppIcon;
				ASSETCATALOG_COMPILER_GLOBAL_ACCENT_COLOR_NAME = AccentColor;
				CODE_SIGN_STYLE = Automatic;
				DEVELOPMENT_TEAM = Q6E3L3SHHJ;
				INFOPLIST_FILE = FakeInstagram/Info.plist;
				LD_RUNPATH_SEARCH_PATHS = (
					"$(inherited)",
					"@executable_path/Frameworks",
				);
				PRODUCT_BUNDLE_IDENTIFIER = com.elpsykongroo.FakeInstagram;
				PRODUCT_NAME = "$(TARGET_NAME)";
				SWIFT_VERSION = 5.0;
				TARGETED_DEVICE_FAMILY = "1,2";
			};
			name = Release;
		};
/* End XCBuildConfiguration section */

/* Begin XCConfigurationList section */
		E084332027C169B600998BC0 /* Build configuration list for PBXProject "FakeInstagram" */ = {
			isa = XCConfigurationList;
			buildConfigurations = (
				E084333727C169B900998BC0 /* Debug */,
				E084333827C169B900998BC0 /* Release */,
			);
			defaultConfigurationIsVisible = 0;
			defaultConfigurationName = Release;
		};
		E084333927C169B900998BC0 /* Build configuration list for PBXNativeTarget "FakeInstagram" */ = {
			isa = XCConfigurationList;
			buildConfigurations = (
				E084333A27C169B900998BC0 /* Debug */,
				E084333B27C169B900998BC0 /* Release */,
			);
			defaultConfigurationIsVisible = 0;
			defaultConfigurationName = Release;
		};
/* End XCConfigurationList section */
	};
	rootObject = E084331D27C169B600998BC0 /* Project object */;
}
